
Microsoft Visual Studio Solution File, Format Version 12.00
# Visual Studio 2012
Project("{FAE04EC0-301F-11D3-BF4B-00C04F79EFBC}") = "AppLayerPlayer", "AppLayerPlayer\AppLayerPlayer.csproj", "{EBB07579-C96B-49EC-A1A3-E46B3E8EC2DB}"
EndProject
Global
	GlobalSection(SolutionConfigurationPlatforms) = preSolution
		Debug|Any CPU = Debug|Any CPU
		Release|Any CPU = Release|Any CPU
	EndGlobalSection
	GlobalSection(ProjectConfigurationPlatforms) = postSolution
		{EBB07579-C96B-49EC-A1A3-E46B3E8EC2DB}.Debug|Any CPU.ActiveCfg = Debug|Any CPU
		{EBB07579-C96B-49EC-A1A3-E46B3E8EC2DB}.Debug|Any CPU.Build.0 = Debug|Any CPU
		{EBB07579-C96B-49EC-A1A3-E46B3E8EC2DB}.Release|Any CPU.ActiveCfg = Release|Any CPU
		{EBB07579-C96B-49EC-A1A3-E46B3E8EC2DB}.Release|Any CPU.Build.0 = Release|Any CPU
	EndGlobalSection
	GlobalSection(SolutionProperties) = preSolution
		HideSolutionNode = FALSE
	EndGlobalSection
EndGlobal
